{
  "name": "json-server",
  "version": "1.0.0",
  "lockfileVersion": 1,
  "requires": true,
  "dependencies": {
    "@faker-js/faker": {
      "version": "6.0.0-alpha.5",
      "resolved": "https://registry.npmjs.org/@faker-js/faker/-/faker-6.0.0-alpha.5.tgz",
      "integrity": "sha512-8Is/xFxNgricqmhQR/AJ4Vi0cKzSR7FcpE0ImG9dWciuSxUkyCiK+B5/hTQP8jrVbtgTjpFC1AaTCnALJOBDmw==",
      "dev": true
    },
    "prettier": {
      "version": "2.5.1",
      "resolved": "https://registry.npmjs.org/prettier/-/prettier-2.5.1.tgz",
      "integrity": "sha512-vBZcPRUR5MZJwoyi3ZoyQlc1rXeEck8KgeC9AwwOn+exuxLxq5toTRDTSaVrXHxelDMHy9zlicw8u66yxoSUFg=="
    }
  }
}
